
Microsoft Visual Studio Solution File, Format Version 12.00
# Visual Studio Version 17
VisualStudioVersion = 17.8.34309.116
MinimumVisualStudioVersion = 10.0.40219.1
Project("{9A19103F-16F7-4668-BE54-9A1E7A4F7556}") = "Books.Server", "Books.Server\Books.Server.csproj", "{C70BAFD4-14CF-4745-8811-D69657E99DED}"
EndProject
Project("{54A90642-561A-4BB1-A94E-469ADEE60C69}") = "books.client", "books.client\books.client.esproj", "{F2441454-4D67-4DB0-BAA2-86F661A02C50}"
EndProject
Project("{9A19103F-16F7-4668-BE54-9A1E7A4F7556}") = "Data", "Data\Data.csproj", "{A2815EE2-9ADF-480A-95AF-FCFE1BF57165}"
EndProject
Project("{9A19103F-16F7-4668-BE54-9A1E7A4F7556}") = "Utilities", "Utilities\Utilities.csproj", "{BA0BE23B-BC0D-4F49-A8AF-2AEB555B73FF}"
EndProject
Project("{FAE04EC0-301F-11D3-BF4B-00C04F79EFBC}") = "ViewModels", "ViewModels\ViewModels.csproj", "{9DC1B198-33DF-47DD-9083-DDF68AC839EF}"
EndProject
Global
	GlobalSection(SolutionConfigurationPlatforms) = preSolution
		Debug|Any CPU = Debug|Any CPU
		Release|Any CPU = Release|Any CPU
	EndGlobalSection
	GlobalSection(ProjectConfigurationPlatforms) = postSolution
		{C70BAFD4-14CF-4745-8811-D69657E99DED}.Debug|Any CPU.ActiveCfg = Debug|Any CPU
		{C70BAFD4-14CF-4745-8811-D69657E99DED}.Debug|Any CPU.Build.0 = Debug|Any CPU
		{C70BAFD4-14CF-4745-8811-D69657E99DED}.Release|Any CPU.ActiveCfg = Release|Any CPU
		{C70BAFD4-14CF-4745-8811-D69657E99DED}.Release|Any CPU.Build.0 = Release|Any CPU
		{F2441454-4D67-4DB0-BAA2-86F661A02C50}.Debug|Any CPU.ActiveCfg = Debug|Any CPU
		{F2441454-4D67-4DB0-BAA2-86F661A02C50}.Debug|Any CPU.Build.0 = Debug|Any CPU
		{F2441454-4D67-4DB0-BAA2-86F661A02C50}.Debug|Any CPU.Deploy.0 = Debug|Any CPU
		{F2441454-4D67-4DB0-BAA2-86F661A02C50}.Release|Any CPU.ActiveCfg = Release|Any CPU
		{F2441454-4D67-4DB0-BAA2-86F661A02C50}.Release|Any CPU.Build.0 = Release|Any CPU
		{F2441454-4D67-4DB0-BAA2-86F661A02C50}.Release|Any CPU.Deploy.0 = Release|Any CPU
		{A2815EE2-9ADF-480A-95AF-FCFE1BF57165}.Debug|Any CPU.ActiveCfg = Debug|Any CPU
		{A2815EE2-9ADF-480A-95AF-FCFE1BF57165}.Debug|Any CPU.Build.0 = Debug|Any CPU
		{A2815EE2-9ADF-480A-95AF-FCFE1BF57165}.Release|Any CPU.ActiveCfg = Release|Any CPU
		{A2815EE2-9ADF-480A-95AF-FCFE1BF57165}.Release|Any CPU.Build.0 = Release|Any CPU
		{BA0BE23B-BC0D-4F49-A8AF-2AEB555B73FF}.Debug|Any CPU.ActiveCfg = Debug|Any CPU
		{BA0BE23B-BC0D-4F49-A8AF-2AEB555B73FF}.Debug|Any CPU.Build.0 = Debug|Any CPU
		{BA0BE23B-BC0D-4F49-A8AF-2AEB555B73FF}.Release|Any CPU.ActiveCfg = Release|Any CPU
		{BA0BE23B-BC0D-4F49-A8AF-2AEB555B73FF}.Release|Any CPU.Build.0 = Release|Any CPU
		{9DC1B198-33DF-47DD-9083-DDF68AC839EF}.Debug|Any CPU.ActiveCfg = Debug|Any CPU
		{9DC1B198-33DF-47DD-9083-DDF68AC839EF}.Debug|Any CPU.Build.0 = Debug|Any CPU
		{9DC1B198-33DF-47DD-9083-DDF68AC839EF}.Release|Any CPU.ActiveCfg = Release|Any CPU
		{9DC1B198-33DF-47DD-9083-DDF68AC839EF}.Release|Any CPU.Build.0 = Release|Any CPU
	EndGlobalSection
	GlobalSection(SolutionProperties) = preSolution
		HideSolutionNode = FALSE
	EndGlobalSection
	GlobalSection(ExtensibilityGlobals) = postSolution
		SolutionGuid = {3971E180-2494-4FC6-9449-55BDC89D5A25}
	EndGlobalSection
EndGlobal
